
Microsoft Visual Studio Solution File, Format Version 12.00
# Visual Studio Version 17
VisualStudioVersion = 17.7.34202.233
MinimumVisualStudioVersion = 10.0.40219.1
Project("{FAE04EC0-301F-11D3-BF4B-00C04F79EFBC}") = "FAQsection_MicroService", "FAQsection_MicroService\FAQsection_MicroService.csproj", "{B01F313B-292F-425F-9A2E-A297979DE19B}"
EndProject
Global
	GlobalSection(SolutionConfigurationPlatforms) = preSolution
		Debug|Any CPU = Debug|Any CPU
		Release|Any CPU = Release|Any CPU
	EndGlobalSection
	GlobalSection(ProjectConfigurationPlatforms) = postSolution
		{B01F313B-292F-425F-9A2E-A297979DE19B}.Debug|Any CPU.ActiveCfg = Debug|Any CPU
		{B01F313B-292F-425F-9A2E-A297979DE19B}.Debug|Any CPU.Build.0 = Debug|Any CPU
		{B01F313B-292F-425F-9A2E-A297979DE19B}.Release|Any CPU.ActiveCfg = Release|Any CPU
		{B01F313B-292F-425F-9A2E-A297979DE19B}.Release|Any CPU.Build.0 = Release|Any CPU
	EndGlobalSection
	GlobalSection(SolutionProperties) = preSolution
		HideSolutionNode = FALSE
	EndGlobalSection
	GlobalSection(ExtensibilityGlobals) = postSolution
		SolutionGuid = {19C7A7CC-7C1F-4F4C-A123-B9C91647EE9C}
	EndGlobalSection
EndGlobal
